<?xml version="1.0" encoding="UTF-8"?>
<!DOCTYPE plist PUBLIC "-//Apple//DTD PLIST 1.0//EN" "http://www.apple.com/DTDs/PropertyList-1.0.dtd">
<plist version="1.0">
<dict>
	<key>archiveVersion</key>
	<string>1</string>
	<key>classes</key>
	<dict/>
	<key>objectVersion</key>
	<string>46</string>
	<key>objects</key>
	<dict>
		<key>06DB54154CCF4D8789C3CAC5</key>
		<dict>
			<key>explicitFileType</key>
			<string>archive.ar</string>
			<key>includeInIndex</key>
			<string>0</string>
			<key>isa</key>
			<string>PBXFileReference</string>
			<key>path</key>
			<string>libPods.a</string>
			<key>sourceTree</key>
			<string>BUILT_PRODUCTS_DIR</string>
		</dict>
		<key>08DD4DF6074ECC8113EF90C3</key>
		<dict>
			<key>children</key>
			<array>
				<string>4837025DC55EFC272A8F0080</string>
				<string>289ABA5861550F9FC1DF4B31</string>
			</array>
			<key>isa</key>
			<string>PBXGroup</string>
			<key>name</key>
			<string>Pods</string>
			<key>sourceTree</key>
			<string>&lt;group&gt;</string>
		</dict>
		<key>289ABA5861550F9FC1DF4B31</key>
		<dict>
			<key>includeInIndex</key>
			<string>1</string>
			<key>isa</key>
			<string>PBXFileReference</string>
			<key>lastKnownFileType</key>
			<string>text.xcconfig</string>
			<key>name</key>
			<string>Pods.release.xcconfig</string>
			<key>path</key>
			<string>Pods/Target Support Files/Pods/Pods.release.xcconfig</string>
			<key>sourceTree</key>
			<string>&lt;group&gt;</string>
		</dict>
		<key>37C74664C69147669C81181B</key>
		<dict>
			<key>buildActionMask</key>
			<string>2147483647</string>
			<key>files</key>
			<array/>
			<key>inputPaths</key>
			<array/>
			<key>isa</key>
			<string>PBXShellScriptBuildPhase</string>
			<key>name</key>
			<string>Check Pods Manifest.lock</string>
			<key>outputPaths</key>
			<array/>
			<key>runOnlyForDeploymentPostprocessing</key>
			<string>0</string>
			<key>shellPath</key>
			<string>/bin/sh</string>
			<key>shellScript</key>
			<string>diff "${PODS_ROOT}/../Podfile.lock" "${PODS_ROOT}/Manifest.lock" &gt; /dev/null
if [[ $? != 0 ]] ; then
    cat &lt;&lt; EOM
error: The sandbox is not in sync with the Podfile.lock. Run 'pod install' or update your CocoaPods installation.
EOM
    exit 1
fi
</string>
			<key>showEnvVarsInLog</key>
			<string>0</string>
		</dict>
		<key>4837025DC55EFC272A8F0080</key>
		<dict>
			<key>includeInIndex</key>
			<string>1</string>
			<key>isa</key>
			<string>PBXFileReference</string>
			<key>lastKnownFileType</key>
			<string>text.xcconfig</string>
			<key>name</key>
			<string>Pods.debug.xcconfig</string>
			<key>path</key>
			<string>Pods/Target Support Files/Pods/Pods.debug.xcconfig</string>
			<key>sourceTree</key>
			<string>&lt;group&gt;</string>
		</dict>
		<key>55FFD66AAF204A9CB9263275</key>
		<dict>
			<key>fileRef</key>
			<string>06DB54154CCF4D8789C3CAC5</string>
			<key>isa</key>
			<string>PBXBuildFile</string>
		</dict>
		<key>B461DED313604ED7AAC2C2B8</key>
		<dict>
			<key>buildActionMask</key>
			<string>2147483647</string>
			<key>files</key>
			<array/>
			<key>inputPaths</key>
			<array/>
			<key>isa</key>
			<string>PBXShellScriptBuildPhase</string>
			<key>name</key>
			<string>Copy Pods Resources</string>
			<key>outputPaths</key>
			<array/>
			<key>runOnlyForDeploymentPostprocessing</key>
			<string>0</string>
			<key>shellPath</key>
			<string>/bin/sh</string>
			<key>shellScript</key>
			<string>"${SRCROOT}/Pods/Target Support Files/Pods/Pods-resources.sh"
</string>
			<key>showEnvVarsInLog</key>
			<string>0</string>
		</dict>
		<key>F42B5BA41978DC9300D6F4B5</key>
		<dict>
			<key>fileEncoding</key>
			<string>4</string>
			<key>isa</key>
			<string>PBXFileReference</string>
			<key>lastKnownFileType</key>
			<string>sourcecode.c.h</string>
			<key>name</key>
			<string>BFPaperButton.h</string>
			<key>path</key>
			<string>../Classes/BFPaperButton.h</string>
			<key>sourceTree</key>
			<string>&lt;group&gt;</string>
		</dict>
		<key>F42B5BA51978DC9300D6F4B5</key>
		<dict>
			<key>fileEncoding</key>
			<string>4</string>
			<key>isa</key>
			<string>PBXFileReference</string>
			<key>lastKnownFileType</key>
			<string>sourcecode.c.objc</string>
			<key>name</key>
			<string>BFPaperButton.m</string>
			<key>path</key>
			<string>../Classes/BFPaperButton.m</string>
			<key>sourceTree</key>
			<string>&lt;group&gt;</string>
		</dict>
		<key>F42B5BA61978DC9300D6F4B5</key>
		<dict>
			<key>fileRef</key>
			<string>F42B5BA51978DC9300D6F4B5</string>
			<key>isa</key>
			<string>PBXBuildFile</string>
		</dict>
		<key>F46DDB1D19761BF500D26097</key>
		<dict>
			<key>children</key>
			<array>
				<string>F46DDB2F19761BF500D26097</string>
				<string>F46DDB4E19761BF600D26097</string>
				<string>F46DDB2819761BF500D26097</string>
				<string>F46DDB2719761BF500D26097</string>
				<string>08DD4DF6074ECC8113EF90C3</string>
			</array>
			<key>isa</key>
			<string>PBXGroup</string>
			<key>sourceTree</key>
			<string>&lt;group&gt;</string>
		</dict>
		<key>F46DDB1E19761BF500D26097</key>
		<dict>
			<key>attributes</key>
			<dict>
				<key>CLASSPREFIX</key>
				<string>BFPaper</string>
				<key>LastUpgradeCheck</key>
				<string>0510</string>
				<key>ORGANIZATIONNAME</key>
				<string>Bence Feher</string>
				<key>TargetAttributes</key>
				<dict>
					<key>F46DDB4619761BF600D26097</key>
					<dict>
						<key>TestTargetID</key>
						<string>F46DDB2519761BF500D26097</string>
					</dict>
				</dict>
			</dict>
			<key>buildConfigurationList</key>
			<string>F46DDB2119761BF500D26097</string>
			<key>compatibilityVersion</key>
			<string>Xcode 3.2</string>
			<key>developmentRegion</key>
			<string>English</string>
			<key>hasScannedForEncodings</key>
			<string>0</string>
			<key>isa</key>
			<string>PBXProject</string>
			<key>knownRegions</key>
			<array>
				<string>en</string>
				<string>Base</string>
			</array>
			<key>mainGroup</key>
			<string>F46DDB1D19761BF500D26097</string>
			<key>productRefGroup</key>
			<string>F46DDB2719761BF500D26097</string>
			<key>projectDirPath</key>
			<string></string>
			<key>projectReferences</key>
			<array/>
			<key>projectRoot</key>
			<string></string>
			<key>targets</key>
			<array>
				<string>F46DDB2519761BF500D26097</string>
				<string>F46DDB4619761BF600D26097</string>
			</array>
		</dict>
		<key>F46DDB2119761BF500D26097</key>
		<dict>
			<key>buildConfigurations</key>
			<array>
				<string>F46DDB5619761BF600D26097</string>
				<string>F46DDB5719761BF600D26097</string>
			</array>
			<key>defaultConfigurationIsVisible</key>
			<string>0</string>
			<key>defaultConfigurationName</key>
			<string>Release</string>
			<key>isa</key>
			<string>XCConfigurationList</string>
		</dict>
		<key>F46DDB2219761BF500D26097</key>
		<dict>
			<key>buildActionMask</key>
			<string>2147483647</string>
			<key>files</key>
			<array>
				<string>F46DDB4019761BF600D26097</string>
				<string>F46DDB3619761BF600D26097</string>
				<string>F42B5BA61978DC9300D6F4B5</string>
				<string>F46DDB3A19761BF600D26097</string>
			</array>
			<key>isa</key>
			<string>PBXSourcesBuildPhase</string>
			<key>runOnlyForDeploymentPostprocessing</key>
			<string>0</string>
		</dict>
		<key>F46DDB2319761BF500D26097</key>
		<dict>
			<key>buildActionMask</key>
			<string>2147483647</string>
			<key>files</key>
			<array>
				<string>F46DDB2C19761BF500D26097</string>
				<string>F46DDB2E19761BF500D26097</string>
				<string>F46DDB2A19761BF500D26097</string>
				<string>55FFD66AAF204A9CB9263275</string>
			</array>
			<key>isa</key>
			<string>PBXFrameworksBuildPhase</string>
			<key>runOnlyForDeploymentPostprocessing</key>
			<string>0</string>
		</dict>
		<key>F46DDB2419761BF500D26097</key>
		<dict>
			<key>buildActionMask</key>
			<string>2147483647</string>
			<key>files</key>
			<array>
				<string>F46DDB4219761BF600D26097</string>
				<string>F46DDB3419761BF600D26097</string>
				<string>F46DDB3D19761BF600D26097</string>
			</array>
			<key>isa</key>
			<string>PBXResourcesBuildPhase</string>
			<key>runOnlyForDeploymentPostprocessing</key>
			<string>0</string>
		</dict>
		<key>F46DDB2519761BF500D26097</key>
		<dict>
			<key>buildConfigurationList</key>
			<string>F46DDB5819761BF600D26097</string>
			<key>buildPhases</key>
			<array>
				<string>37C74664C69147669C81181B</string>
				<string>F46DDB2219761BF500D26097</string>
				<string>F46DDB2319761BF500D26097</string>
				<string>F46DDB2419761BF500D26097</string>
				<string>B461DED313604ED7AAC2C2B8</string>
			</array>
			<key>buildRules</key>
			<array/>
			<key>dependencies</key>
			<array/>
			<key>isa</key>
			<string>PBXNativeTarget</string>
			<key>name</key>
			<string>BFPaperButton</string>
			<key>productName</key>
			<string>BFPaperButton</string>
			<key>productReference</key>
			<string>F46DDB2619761BF500D26097</string>
			<key>productType</key>
			<string>com.apple.product-type.application</string>
		</dict>
		<key>F46DDB2619761BF500D26097</key>
		<dict>
			<key>explicitFileType</key>
			<string>wrapper.application</string>
			<key>includeInIndex</key>
			<string>0</string>
			<key>isa</key>
			<string>PBXFileReference</string>
			<key>path</key>
			<string>BFPaperButton.app</string>
			<key>sourceTree</key>
			<string>BUILT_PRODUCTS_DIR</string>
		</dict>
		<key>F46DDB2719761BF500D26097</key>
		<dict>
			<key>children</key>
			<array>
				<string>F46DDB2619761BF500D26097</string>
				<string>F46DDB4719761BF600D26097</string>
			</array>
			<key>isa</key>
			<string>PBXGroup</string>
			<key>name</key>
			<string>Products</string>
			<key>sourceTree</key>
			<string>&lt;group&gt;</string>
		</dict>
		<key>F46DDB2819761BF500D26097</key>
		<dict>
			<key>children</key>
			<array>
				<string>F46DDB2919761BF500D26097</string>
				<string>F46DDB2B19761BF500D26097</string>
				<string>F46DDB2D19761BF500D26097</string>
				<string>F46DDB4819761BF600D26097</string>
				<string>06DB54154CCF4D8789C3CAC5</string>
			</array>
			<key>isa</key>
			<string>PBXGroup</string>
			<key>name</key>
			<string>Frameworks</string>
			<key>sourceTree</key>
			<string>&lt;group&gt;</string>
		</dict>
		<key>F46DDB2919761BF500D26097</key>
		<dict>
			<key>isa</key>
			<string>PBXFileReference</string>
			<key>lastKnownFileType</key>
			<string>wrapper.framework</string>
			<key>name</key>
			<string>Foundation.framework</string>
			<key>path</key>
			<string>System/Library/Frameworks/Foundation.framework</string>
			<key>sourceTree</key>
			<string>SDKROOT</string>
		</dict>
		<key>F46DDB2A19761BF500D26097</key>
		<dict>
			<key>fileRef</key>
			<string>F46DDB2919761BF500D26097</string>
			<key>isa</key>
			<string>PBXBuildFile</string>
		</dict>
		<key>F46DDB2B19761BF500D26097</key>
		<dict>
			<key>isa</key>
			<string>PBXFileReference</string>
			<key>lastKnownFileType</key>
			<string>wrapper.framework</string>
			<key>name</key>
			<string>CoreGraphics.framework</string>
			<key>path</key>
			<string>System/Library/Frameworks/CoreGraphics.framework</string>
			<key>sourceTree</key>
			<string>SDKROOT</string>
		</dict>
		<key>F46DDB2C19761BF500D26097</key>
		<dict>
			<key>fileRef</key>
			<string>F46DDB2B19761BF500D26097</string>
			<key>isa</key>
			<string>PBXBuildFile</string>
		</dict>
		<key>F46DDB2D19761BF500D26097</key>
		<dict>
			<key>isa</key>
			<string>PBXFileReference</string>
			<key>lastKnownFileType</key>
			<string>wrapper.framework</string>
			<key>name</key>
			<string>UIKit.framework</string>
			<key>path</key>
			<string>System/Library/Frameworks/UIKit.framework</string>
			<key>sourceTree</key>
			<string>SDKROOT</string>
		</dict>
		<key>F46DDB2E19761BF500D26097</key>
		<dict>
			<key>fileRef</key>
			<string>F46DDB2D19761BF500D26097</string>
			<key>isa</key>
			<string>PBXBuildFile</string>
		</dict>
		<key>F46DDB2F19761BF500D26097</key>
		<dict>
			<key>children</key>
			<array>
				<string>F474FC3C19761E5900BD436C</string>
				<string>F46DDB3819761BF600D26097</string>
				<string>F46DDB3919761BF600D26097</string>
				<string>F46DDB3B19761BF600D26097</string>
				<string>F46DDB3E19761BF600D26097</string>
				<string>F46DDB3F19761BF600D26097</string>
				<string>F46DDB4119761BF600D26097</string>
				<string>F46DDB3019761BF600D26097</string>
			</array>
			<key>isa</key>
			<string>PBXGroup</string>
			<key>path</key>
			<string>BFPaperButton</string>
			<key>sourceTree</key>
			<string>&lt;group&gt;</string>
		</dict>
		<key>F46DDB3019761BF600D26097</key>
		<dict>
			<key>children</key>
			<array>
				<string>F46DDB3119761BF600D26097</string>
				<string>F46DDB3219761BF600D26097</string>
				<string>F46DDB3519761BF600D26097</string>
				<string>F46DDB3719761BF600D26097</string>
			</array>
			<key>isa</key>
			<string>PBXGroup</string>
			<key>name</key>
			<string>Supporting Files</string>
			<key>sourceTree</key>
			<string>&lt;group&gt;</string>
		</dict>
		<key>F46DDB3119761BF600D26097</key>
		<dict>
			<key>isa</key>
			<string>PBXFileReference</string>
			<key>lastKnownFileType</key>
			<string>text.plist.xml</string>
			<key>path</key>
			<string>BFPaperButton-Info.plist</string>
			<key>sourceTree</key>
			<string>&lt;group&gt;</string>
		</dict>
		<key>F46DDB3219761BF600D26097</key>
		<dict>
			<key>children</key>
			<array>
				<string>F46DDB3319761BF600D26097</string>
			</array>
			<key>isa</key>
			<string>PBXVariantGroup</string>
			<key>name</key>
			<string>InfoPlist.strings</string>
			<key>sourceTree</key>
			<string>&lt;group&gt;</string>
		</dict>
		<key>F46DDB3319761BF600D26097</key>
		<dict>
			<key>isa</key>
			<string>PBXFileReference</string>
			<key>lastKnownFileType</key>
			<string>text.plist.strings</string>
			<key>name</key>
			<string>en</string>
			<key>path</key>
			<string>en.lproj/InfoPlist.strings</string>
			<key>sourceTree</key>
			<string>&lt;group&gt;</string>
		</dict>
		<key>F46DDB3419761BF600D26097</key>
		<dict>
			<key>fileRef</key>
			<string>F46DDB3219761BF600D26097</string>
			<key>isa</key>
			<string>PBXBuildFile</string>
		</dict>
		<key>F46DDB3519761BF600D26097</key>
		<dict>
			<key>isa</key>
			<string>PBXFileReference</string>
			<key>lastKnownFileType</key>
			<string>sourcecode.c.objc</string>
			<key>path</key>
			<string>main.m</string>
			<key>sourceTree</key>
			<string>&lt;group&gt;</string>
		</dict>
		<key>F46DDB3619761BF600D26097</key>
		<dict>
			<key>fileRef</key>
			<string>F46DDB3519761BF600D26097</string>
			<key>isa</key>
			<string>PBXBuildFile</string>
		</dict>
		<key>F46DDB3719761BF600D26097</key>
		<dict>
			<key>isa</key>
			<string>PBXFileReference</string>
			<key>lastKnownFileType</key>
			<string>sourcecode.c.h</string>
			<key>path</key>
			<string>BFPaperButton-Prefix.pch</string>
			<key>sourceTree</key>
			<string>&lt;group&gt;</string>
		</dict>
		<key>F46DDB3819761BF600D26097</key>
		<dict>
			<key>isa</key>
			<string>PBXFileReference</string>
			<key>lastKnownFileType</key>
			<string>sourcecode.c.h</string>
			<key>path</key>
			<string>BFPaperAppDelegate.h</string>
			<key>sourceTree</key>
			<string>&lt;group&gt;</string>
		</dict>
		<key>F46DDB3919761BF600D26097</key>
		<dict>
			<key>isa</key>
			<string>PBXFileReference</string>
			<key>lastKnownFileType</key>
			<string>sourcecode.c.objc</string>
			<key>path</key>
			<string>BFPaperAppDelegate.m</string>
			<key>sourceTree</key>
			<string>&lt;group&gt;</string>
		</dict>
		<key>F46DDB3A19761BF600D26097</key>
		<dict>
			<key>fileRef</key>
			<string>F46DDB3919761BF600D26097</string>
			<key>isa</key>
			<string>PBXBuildFile</string>
		</dict>
		<key>F46DDB3B19761BF600D26097</key>
		<dict>
			<key>children</key>
			<array>
				<string>F46DDB3C19761BF600D26097</string>
			</array>
			<key>isa</key>
			<string>PBXVariantGroup</string>
			<key>name</key>
			<string>Main.storyboard</string>
			<key>sourceTree</key>
			<string>&lt;group&gt;</string>
		</dict>
		<key>F46DDB3C19761BF600D26097</key>
		<dict>
			<key>isa</key>
			<string>PBXFileReference</string>
			<key>lastKnownFileType</key>
			<string>file.storyboard</string>
			<key>name</key>
			<string>Base</string>
			<key>path</key>
			<string>Base.lproj/Main.storyboard</string>
			<key>sourceTree</key>
			<string>&lt;group&gt;</string>
		</dict>
		<key>F46DDB3D19761BF600D26097</key>
		<dict>
			<key>fileRef</key>
			<string>F46DDB3B19761BF600D26097</string>
			<key>isa</key>
			<string>PBXBuildFile</string>
		</dict>
		<key>F46DDB3E19761BF600D26097</key>
		<dict>
			<key>isa</key>
			<string>PBXFileReference</string>
			<key>lastKnownFileType</key>
			<string>sourcecode.c.h</string>
			<key>path</key>
			<string>BFPaperViewController.h</string>
			<key>sourceTree</key>
			<string>&lt;group&gt;</string>
		</dict>
		<key>F46DDB3F19761BF600D26097</key>
		<dict>
			<key>isa</key>
			<string>PBXFileReference</string>
			<key>lastKnownFileType</key>
			<string>sourcecode.c.objc</string>
			<key>path</key>
			<string>BFPaperViewController.m</string>
			<key>sourceTree</key>
			<string>&lt;group&gt;</string>
		</dict>
		<key>F46DDB4019761BF600D26097</key>
		<dict>
			<key>fileRef</key>
			<string>F46DDB3F19761BF600D26097</string>
			<key>isa</key>
			<string>PBXBuildFile</string>
		</dict>
		<key>F46DDB4119761BF600D26097</key>
		<dict>
			<key>isa</key>
			<string>PBXFileReference</string>
			<key>lastKnownFileType</key>
			<string>folder.assetcatalog</string>
			<key>path</key>
			<string>Images.xcassets</string>
			<key>sourceTree</key>
			<string>&lt;group&gt;</string>
		</dict>
		<key>F46DDB4219761BF600D26097</key>
		<dict>
			<key>fileRef</key>
			<string>F46DDB4119761BF600D26097</string>
			<key>isa</key>
			<string>PBXBuildFile</string>
		</dict>
		<key>F46DDB4319761BF600D26097</key>
		<dict>
			<key>buildActionMask</key>
			<string>2147483647</string>
			<key>files</key>
			<array>
				<string>F46DDB5519761BF600D26097</string>
			</array>
			<key>isa</key>
			<string>PBXSourcesBuildPhase</string>
			<key>runOnlyForDeploymentPostprocessing</key>
			<string>0</string>
		</dict>
		<key>F46DDB4419761BF600D26097</key>
		<dict>
			<key>buildActionMask</key>
			<string>2147483647</string>
			<key>files</key>
			<array>
				<string>F46DDB4919761BF600D26097</string>
				<string>F46DDB4B19761BF600D26097</string>
				<string>F46DDB4A19761BF600D26097</string>
			</array>
			<key>isa</key>
			<string>PBXFrameworksBuildPhase</string>
			<key>runOnlyForDeploymentPostprocessing</key>
			<string>0</string>
		</dict>
		<key>F46DDB4519761BF600D26097</key>
		<dict>
			<key>buildActionMask</key>
			<string>2147483647</string>
			<key>files</key>
			<array>
				<string>F46DDB5319761BF600D26097</string>
			</array>
			<key>isa</key>
			<string>PBXResourcesBuildPhase</string>
			<key>runOnlyForDeploymentPostprocessing</key>
			<string>0</string>
		</dict>
		<key>F46DDB4619761BF600D26097</key>
		<dict>
			<key>buildConfigurationList</key>
			<string>F46DDB5B19761BF600D26097</string>
			<key>buildPhases</key>
			<array>
				<string>F46DDB4319761BF600D26097</string>
				<string>F46DDB4419761BF600D26097</string>
				<string>F46DDB4519761BF600D26097</string>
			</array>
			<key>buildRules</key>
			<array/>
			<key>dependencies</key>
			<array>
				<string>F46DDB4D19761BF600D26097</string>
			</array>
			<key>isa</key>
			<string>PBXNativeTarget</string>
			<key>name</key>
			<string>BFPaperButtonTests</string>
			<key>productName</key>
			<string>BFPaperButtonTests</string>
			<key>productReference</key>
			<string>F46DDB4719761BF600D26097</string>
			<key>productType</key>
			<string>com.apple.product-type.bundle.unit-test</string>
		</dict>
		<key>F46DDB4719761BF600D26097</key>
		<dict>
			<key>explicitFileType</key>
			<string>wrapper.cfbundle</string>
			<key>includeInIndex</key>
			<string>0</string>
			<key>isa</key>
			<string>PBXFileReference</string>
			<key>path</key>
			<string>BFPaperButtonTests.xctest</string>
			<key>sourceTree</key>
			<string>BUILT_PRODUCTS_DIR</string>
		</dict>
		<key>F46DDB4819761BF600D26097</key>
		<dict>
			<key>isa</key>
			<string>PBXFileReference</string>
			<key>lastKnownFileType</key>
			<string>wrapper.framework</string>
			<key>name</key>
			<string>XCTest.framework</string>
			<key>path</key>
			<string>Library/Frameworks/XCTest.framework</string>
			<key>sourceTree</key>
			<string>DEVELOPER_DIR</string>
		</dict>
		<key>F46DDB4919761BF600D26097</key>
		<dict>
			<key>fileRef</key>
			<string>F46DDB4819761BF600D26097</string>
			<key>isa</key>
			<string>PBXBuildFile</string>
		</dict>
		<key>F46DDB4A19761BF600D26097</key>
		<dict>
			<key>fileRef</key>
			<string>F46DDB2919761BF500D26097</string>
			<key>isa</key>
			<string>PBXBuildFile</string>
		</dict>
		<key>F46DDB4B19761BF600D26097</key>
		<dict>
			<key>fileRef</key>
			<string>F46DDB2D19761BF500D26097</string>
			<key>isa</key>
			<string>PBXBuildFile</string>
		</dict>
		<key>F46DDB4C19761BF600D26097</key>
		<dict>
			<key>containerPortal</key>
			<string>F46DDB1E19761BF500D26097</string>
			<key>isa</key>
			<string>PBXContainerItemProxy</string>
			<key>proxyType</key>
			<string>1</string>
			<key>remoteGlobalIDString</key>
			<string>F46DDB2519761BF500D26097</string>
			<key>remoteInfo</key>
			<string>BFPaperButton</string>
		</dict>
		<key>F46DDB4D19761BF600D26097</key>
		<dict>
			<key>isa</key>
			<string>PBXTargetDependency</string>
			<key>target</key>
			<string>F46DDB2519761BF500D26097</string>
			<key>targetProxy</key>
			<string>F46DDB4C19761BF600D26097</string>
		</dict>
		<key>F46DDB4E19761BF600D26097</key>
		<dict>
			<key>children</key>
			<array>
				<string>F46DDB5419761BF600D26097</string>
				<string>F46DDB4F19761BF600D26097</string>
			</array>
			<key>isa</key>
			<string>PBXGroup</string>
			<key>path</key>
			<string>BFPaperButtonTests</string>
			<key>sourceTree</key>
			<string>&lt;group&gt;</string>
		</dict>
		<key>F46DDB4F19761BF600D26097</key>
		<dict>
			<key>children</key>
			<array>
				<string>F46DDB5019761BF600D26097</string>
				<string>F46DDB5119761BF600D26097</string>
			</array>
			<key>isa</key>
			<string>PBXGroup</string>
			<key>name</key>
			<string>Supporting Files</string>
			<key>sourceTree</key>
			<string>&lt;group&gt;</string>
		</dict>
		<key>F46DDB5019761BF600D26097</key>
		<dict>
			<key>isa</key>
			<string>PBXFileReference</string>
			<key>lastKnownFileType</key>
			<string>text.plist.xml</string>
			<key>path</key>
			<string>BFPaperButtonTests-Info.plist</string>
			<key>sourceTree</key>
			<string>&lt;group&gt;</string>
		</dict>
		<key>F46DDB5119761BF600D26097</key>
		<dict>
			<key>children</key>
			<array>
				<string>F46DDB5219761BF600D26097</string>
			</array>
			<key>isa</key>
			<string>PBXVariantGroup</string>
			<key>name</key>
			<string>InfoPlist.strings</string>
			<key>sourceTree</key>
			<string>&lt;group&gt;</string>
		</dict>
		<key>F46DDB5219761BF600D26097</key>
		<dict>
			<key>isa</key>
			<string>PBXFileReference</string>
			<key>lastKnownFileType</key>
			<string>text.plist.strings</string>
			<key>name</key>
			<string>en</string>
			<key>path</key>
			<string>en.lproj/InfoPlist.strings</string>
			<key>sourceTree</key>
			<string>&lt;group&gt;</string>
		</dict>
		<key>F46DDB5319761BF600D26097</key>
		<dict>
			<key>fileRef</key>
			<string>F46DDB5119761BF600D26097</string>
			<key>isa</key>
			<string>PBXBuildFile</string>
		</dict>
		<key>F46DDB5419761BF600D26097</key>
		<dict>
			<key>isa</key>
			<string>PBXFileReference</string>
			<key>lastKnownFileType</key>
			<string>sourcecode.c.objc</string>
			<key>path</key>
			<string>BFPaperButtonTests.m</string>
			<key>sourceTree</key>
			<string>&lt;group&gt;</string>
		</dict>
		<key>F46DDB5519761BF600D26097</key>
		<dict>
			<key>fileRef</key>
			<string>F46DDB5419761BF600D26097</string>
			<key>isa</key>
			<string>PBXBuildFile</string>
		</dict>
		<key>F46DDB5619761BF600D26097</key>
		<dict>
			<key>buildSettings</key>
			<dict>
				<key>ALWAYS_SEARCH_USER_PATHS</key>
				<string>NO</string>
				<key>CLANG_CXX_LANGUAGE_STANDARD</key>
				<string>gnu++0x</string>
				<key>CLANG_CXX_LIBRARY</key>
				<string>libc++</string>
				<key>CLANG_ENABLE_MODULES</key>
				<string>YES</string>
				<key>CLANG_ENABLE_OBJC_ARC</key>
				<string>YES</string>
				<key>CLANG_WARN_BOOL_CONVERSION</key>
				<string>YES</string>
				<key>CLANG_WARN_CONSTANT_CONVERSION</key>
				<string>YES</string>
				<key>CLANG_WARN_DIRECT_OBJC_ISA_USAGE</key>
				<string>YES_ERROR</string>
				<key>CLANG_WARN_EMPTY_BODY</key>
				<string>YES</string>
				<key>CLANG_WARN_ENUM_CONVERSION</key>
				<string>YES</string>
				<key>CLANG_WARN_INT_CONVERSION</key>
				<string>YES</string>
				<key>CLANG_WARN_OBJC_ROOT_CLASS</key>
				<string>YES_ERROR</string>
				<key>CLANG_WARN__DUPLICATE_METHOD_MATCH</key>
				<string>YES</string>
				<key>CODE_SIGN_IDENTITY[sdk=iphoneos*]</key>
				<string>iPhone Developer</string>
				<key>COPY_PHASE_STRIP</key>
				<string>NO</string>
				<key>GCC_C_LANGUAGE_STANDARD</key>
				<string>gnu99</string>
				<key>GCC_DYNAMIC_NO_PIC</key>
				<string>NO</string>
				<key>GCC_OPTIMIZATION_LEVEL</key>
				<string>0</string>
				<key>GCC_PREPROCESSOR_DEFINITIONS</key>
				<array>
					<string>DEBUG=1</string>
					<string>$(inherited)</string>
				</array>
				<key>GCC_SYMBOLS_PRIVATE_EXTERN</key>
				<string>NO</string>
				<key>GCC_WARN_64_TO_32_BIT_CONVERSION</key>
				<string>YES</string>
				<key>GCC_WARN_ABOUT_RETURN_TYPE</key>
				<string>YES_ERROR</string>
				<key>GCC_WARN_UNDECLARED_SELECTOR</key>
				<string>YES</string>
				<key>GCC_WARN_UNINITIALIZED_AUTOS</key>
				<string>YES_AGGRESSIVE</string>
				<key>GCC_WARN_UNUSED_FUNCTION</key>
				<string>YES</string>
				<key>GCC_WARN_UNUSED_VARIABLE</key>
				<string>YES</string>
				<key>IPHONEOS_DEPLOYMENT_TARGET</key>
				<string>7.0</string>
				<key>ONLY_ACTIVE_ARCH</key>
				<string>YES</string>
				<key>SDKROOT</key>
				<string>iphoneos</string>
				<key>USER_HEADER_SEARCH_PATHS[arch=*]</key>
				<string>"$(SRCROOT)/Pods/Headers"/**</string>
			</dict>
			<key>isa</key>
			<string>XCBuildConfiguration</string>
			<key>name</key>
			<string>Debug</string>
		</dict>
		<key>F46DDB5719761BF600D26097</key>
		<dict>
			<key>buildSettings</key>
			<dict>
				<key>ALWAYS_SEARCH_USER_PATHS</key>
				<string>NO</string>
				<key>CLANG_CXX_LANGUAGE_STANDARD</key>
				<string>gnu++0x</string>
				<key>CLANG_CXX_LIBRARY</key>
				<string>libc++</string>
				<key>CLANG_ENABLE_MODULES</key>
				<string>YES</string>
				<key>CLANG_ENABLE_OBJC_ARC</key>
				<string>YES</string>
				<key>CLANG_WARN_BOOL_CONVERSION</key>
				<string>YES</string>
				<key>CLANG_WARN_CONSTANT_CONVERSION</key>
				<string>YES</string>
				<key>CLANG_WARN_DIRECT_OBJC_ISA_USAGE</key>
				<string>YES_ERROR</string>
				<key>CLANG_WARN_EMPTY_BODY</key>
				<string>YES</string>
				<key>CLANG_WARN_ENUM_CONVERSION</key>
				<string>YES</string>
				<key>CLANG_WARN_INT_CONVERSION</key>
				<string>YES</string>
				<key>CLANG_WARN_OBJC_ROOT_CLASS</key>
				<string>YES_ERROR</string>
				<key>CLANG_WARN__DUPLICATE_METHOD_MATCH</key>
				<string>YES</string>
				<key>CODE_SIGN_IDENTITY[sdk=iphoneos*]</key>
				<string>iPhone Developer</string>
				<key>COPY_PHASE_STRIP</key>
				<string>YES</string>
				<key>ENABLE_NS_ASSERTIONS</key>
				<string>NO</string>
				<key>GCC_C_LANGUAGE_STANDARD</key>
				<string>gnu99</string>
				<key>GCC_WARN_64_TO_32_BIT_CONVERSION</key>
				<string>YES</string>
				<key>GCC_WARN_ABOUT_RETURN_TYPE</key>
				<string>YES_ERROR</string>
				<key>GCC_WARN_UNDECLARED_SELECTOR</key>
				<string>YES</string>
				<key>GCC_WARN_UNINITIALIZED_AUTOS</key>
				<string>YES_AGGRESSIVE</string>
				<key>GCC_WARN_UNUSED_FUNCTION</key>
				<string>YES</string>
				<key>GCC_WARN_UNUSED_VARIABLE</key>
				<string>YES</string>
				<key>IPHONEOS_DEPLOYMENT_TARGET</key>
				<string>7.0</string>
				<key>SDKROOT</key>
				<string>iphoneos</string>
				<key>USER_HEADER_SEARCH_PATHS[arch=*]</key>
				<string>"$(SRCROOT)/Pods/Headers"/**</string>
				<key>VALIDATE_PRODUCT</key>
				<string>YES</string>
			</dict>
			<key>isa</key>
			<string>XCBuildConfiguration</string>
			<key>name</key>
			<string>Release</string>
		</dict>
		<key>F46DDB5819761BF600D26097</key>
		<dict>
			<key>buildConfigurations</key>
			<array>
				<string>F46DDB5919761BF600D26097</string>
				<string>F46DDB5A19761BF600D26097</string>
			</array>
			<key>defaultConfigurationIsVisible</key>
			<string>0</string>
			<key>defaultConfigurationName</key>
			<string>Release</string>
			<key>isa</key>
			<string>XCConfigurationList</string>
		</dict>
		<key>F46DDB5919761BF600D26097</key>
		<dict>
			<key>baseConfigurationReference</key>
			<string>4837025DC55EFC272A8F0080</string>
			<key>buildSettings</key>
			<dict>
				<key>ASSETCATALOG_COMPILER_APPICON_NAME</key>
				<string>AppIcon</string>
				<key>ASSETCATALOG_COMPILER_LAUNCHIMAGE_NAME</key>
				<string>LaunchImage</string>
				<key>GCC_PRECOMPILE_PREFIX_HEADER</key>
				<string>YES</string>
				<key>GCC_PREFIX_HEADER</key>
				<string>BFPaperButton/BFPaperButton-Prefix.pch</string>
				<key>INFOPLIST_FILE</key>
				<string>BFPaperButton/BFPaperButton-Info.plist</string>
				<key>IPHONEOS_DEPLOYMENT_TARGET</key>
				<string>7.0</string>
				<key>PRODUCT_NAME</key>
				<string>$(TARGET_NAME)</string>
				<key>USER_HEADER_SEARCH_PATHS[arch=*]</key>
				<string>"$(SRCROOT)/Pods/Headers"/** "$(BUILT_PRODUCTS_DIR)"/** "${PODS_ROOT}/BuildHeaders"/**</string>
				<key>WRAPPER_EXTENSION</key>
				<string>app</string>
			</dict>
			<key>isa</key>
			<string>XCBuildConfiguration</string>
			<key>name</key>
			<string>Debug</string>
		</dict>
		<key>F46DDB5A19761BF600D26097</key>
		<dict>
			<key>baseConfigurationReference</key>
			<string>289ABA5861550F9FC1DF4B31</string>
			<key>buildSettings</key>
			<dict>
				<key>ASSETCATALOG_COMPILER_APPICON_NAME</key>
				<string>AppIcon</string>
				<key>ASSETCATALOG_COMPILER_LAUNCHIMAGE_NAME</key>
				<string>LaunchImage</string>
				<key>GCC_PRECOMPILE_PREFIX_HEADER</key>
				<string>YES</string>
				<key>GCC_PREFIX_HEADER</key>
				<string>BFPaperButton/BFPaperButton-Prefix.pch</string>
				<key>INFOPLIST_FILE</key>
				<string>BFPaperButton/BFPaperButton-Info.plist</string>
				<key>IPHONEOS_DEPLOYMENT_TARGET</key>
				<string>7.0</string>
				<key>PRODUCT_NAME</key>
				<string>$(TARGET_NAME)</string>
				<key>USER_HEADER_SEARCH_PATHS[arch=*]</key>
				<string>"$(SRCROOT)/Pods/Headers"/** "$(BUILT_PRODUCTS_DIR)"/** "${PODS_ROOT}/BuildHeaders"/**</string>
				<key>WRAPPER_EXTENSION</key>
				<string>app</string>
			</dict>
			<key>isa</key>
			<string>XCBuildConfiguration</string>
			<key>name</key>
			<string>Release</string>
		</dict>
		<key>F46DDB5B19761BF600D26097</key>
		<dict>
			<key>buildConfigurations</key>
			<array>
				<string>F46DDB5C19761BF600D26097</string>
				<string>F46DDB5D19761BF600D26097</string>
			</array>
			<key>defaultConfigurationIsVisible</key>
			<string>0</string>
			<key>defaultConfigurationName</key>
			<string>Release</string>
			<key>isa</key>
			<string>XCConfigurationList</string>
		</dict>
		<key>F46DDB5C19761BF600D26097</key>
		<dict>
			<key>buildSettings</key>
			<dict>
				<key>BUNDLE_LOADER</key>
				<string>$(BUILT_PRODUCTS_DIR)/BFPaperButton.app/BFPaperButton</string>
				<key>FRAMEWORK_SEARCH_PATHS</key>
				<array>
					<string>$(SDKROOT)/Developer/Library/Frameworks</string>
					<string>$(inherited)</string>
					<string>$(DEVELOPER_FRAMEWORKS_DIR)</string>
				</array>
				<key>GCC_PRECOMPILE_PREFIX_HEADER</key>
				<string>YES</string>
				<key>GCC_PREFIX_HEADER</key>
				<string>BFPaperButton/BFPaperButton-Prefix.pch</string>
				<key>GCC_PREPROCESSOR_DEFINITIONS</key>
				<array>
					<string>DEBUG=1</string>
					<string>$(inherited)</string>
				</array>
				<key>INFOPLIST_FILE</key>
				<string>BFPaperButtonTests/BFPaperButtonTests-Info.plist</string>
				<key>PRODUCT_NAME</key>
				<string>$(TARGET_NAME)</string>
				<key>TEST_HOST</key>
				<string>$(BUNDLE_LOADER)</string>
				<key>WRAPPER_EXTENSION</key>
				<string>xctest</string>
			</dict>
			<key>isa</key>
			<string>XCBuildConfiguration</string>
			<key>name</key>
			<string>Debug</string>
		</dict>
		<key>F46DDB5D19761BF600D26097</key>
		<dict>
			<key>buildSettings</key>
			<dict>
				<key>BUNDLE_LOADER</key>
				<string>$(BUILT_PRODUCTS_DIR)/BFPaperButton.app/BFPaperButton</string>
				<key>FRAMEWORK_SEARCH_PATHS</key>
				<array>
					<string>$(SDKROOT)/Developer/Library/Frameworks</string>
					<string>$(inherited)</string>
					<string>$(DEVELOPER_FRAMEWORKS_DIR)</string>
				</array>
				<key>GCC_PRECOMPILE_PREFIX_HEADER</key>
				<string>YES</string>
				<key>GCC_PREFIX_HEADER</key>
				<string>BFPaperButton/BFPaperButton-Prefix.pch</string>
				<key>INFOPLIST_FILE</key>
				<string>BFPaperButtonTests/BFPaperButtonTests-Info.plist</string>
				<key>PRODUCT_NAME</key>
				<string>$(TARGET_NAME)</string>
				<key>TEST_HOST</key>
				<string>$(BUNDLE_LOADER)</string>
				<key>WRAPPER_EXTENSION</key>
				<string>xctest</string>
			</dict>
			<key>isa</key>
			<string>XCBuildConfiguration</string>
			<key>name</key>
			<string>Release</string>
		</dict>
		<key>F474FC3C19761E5900BD436C</key>
		<dict>
			<key>children</key>
			<array>
				<string>F42B5BA41978DC9300D6F4B5</string>
				<string>F42B5BA51978DC9300D6F4B5</string>
			</array>
			<key>isa</key>
			<string>PBXGroup</string>
			<key>name</key>
			<string>Classes</string>
			<key>sourceTree</key>
			<string>&lt;group&gt;</string>
		</dict>
	</dict>
	<key>rootObject</key>
	<string>F46DDB1E19761BF500D26097</string>
</dict>
</plist>
